{
  "name": "node-red-contrib-sony-projector",
  "version": "0.0.1",
  "lockfileVersion": 1,
  "requires": true,
  "dependencies": {
    "baconjs": {
      "version": "0.7.89",
      "resolved": "https://registry.npmjs.org/baconjs/-/baconjs-0.7.89.tgz",
      "integrity": "sha1-in+rliSYv9JJTC6bFFg8hgXKBUk="
    },
    "sony-sdcp-com": {
      "version": "0.0.2",
      "resolved": "https://registry.npmjs.org/sony-sdcp-com/-/sony-sdcp-com-0.0.2.tgz",
      "integrity": "sha1-Mg83HBD4fC0y7YK0pUc+EpGnZLI=",
      "requires": {
        "baconjs": "0.7.89"
      }
    }
  }
}
